// !$*UTF8*$!
{
	archiveVersion = 1;
	classes = {
	};
	objectVersion = 46;
	objects = {

/* Begin PBXBuildFile section */
		3B36B3001DB5D6160060496A /* AppDelegate.swift in Sources */ = {isa = PBXBuildFile; fileRef = 3B36B2FF1DB5D6160060496A /* AppDelegate.swift */; };
		3B36B3021DB5D6160060496A /* ViewController.swift in Sources */ = {isa = PBXBuildFile; fileRef = 3B36B3011DB5D6160060496A /* ViewController.swift */; };
		3B36B3051DB5D6160060496A /* Main.storyboard in Resources */ = {isa = PBXBuildFile; fileRef = 3B36B3031DB5D6160060496A /* Main.storyboard */; };
		3B36B3071DB5D6160060496A /* Assets.xcassets in Resources */ = {isa = PBXBuildFile; fileRef = 3B36B3061DB5D6160060496A /* Assets.xcassets */; };
		3B36B30A1DB5D6160060496A /* LaunchScreen.storyboard in Resources */ = {isa = PBXBuildFile; fileRef = 3B36B3081DB5D6160060496A /* LaunchScreen.storyboard */; };
		3B36B3181DB5FEEE0060496A /* NotificationCenter.framework in Frameworks */ = {isa = PBXBuildFile; fileRef = 3B36B3171DB5FEEE0060496A /* NotificationCenter.framework */; };
		3B36B31B1DB5FEEE0060496A /* TodayViewController.swift in Sources */ = {isa = PBXBuildFile; fileRef = 3B36B31A1DB5FEEE0060496A /* TodayViewController.swift */; };
		3B36B31E1DB5FEEE0060496A /* MainInterface.storyboard in Resources */ = {isa = PBXBuildFile; fileRef = 3B36B31C1DB5FEEE0060496A /* MainInterface.storyboard */; };
		3B36B3221DB5FEEE0060496A /* Widget.appex in Embed App Extensions */ = {isa = PBXBuildFile; fileRef = 3B36B3151DB5FEEE0060496A /* Widget.appex */; settings = {ATTRIBUTES = (RemoveHeadersOnCopy, ); }; };
		3B39650D1DB70A910047CDE4 /* TestViewController.swift in Sources */ = {isa = PBXBuildFile; fileRef = 3B39650C1DB70A910047CDE4 /* TestViewController.swift */; };
/* End PBXBuildFile section */

/* Begin PBXContainerItemProxy section */
		3B36B3201DB5FEEE0060496A /* PBXContainerItemProxy */ = {
			isa = PBXContainerItemProxy;
			containerPortal = 3B36B2F41DB5D6160060496A /* Project object */;
			proxyType = 1;
			remoteGlobalIDString = 3B36B3141DB5FEEE0060496A;
			remoteInfo = Widget;
		};
/* End PBXContainerItemProxy section */

/* Begin PBXCopyFilesBuildPhase section */
		3B36B3261DB5FEEE0060496A /* Embed App Extensions */ = {
			isa = PBXCopyFilesBuildPhase;
			buildActionMask = 2147483647;
			dstPath = "";
			dstSubfolderSpec = 13;
			files = (
				3B36B3221DB5FEEE0060496A /* Widget.appex in Embed App Extensions */,
			);
			name = "Embed App Extensions";
			runOnlyForDeploymentPostprocessing = 0;
		};
/* End PBXCopyFilesBuildPhase section */

/* Begin PBXFileReference section */
		3B36B2FC1DB5D6160060496A /* Polyglot.app */ = {isa = PBXFileReference; explicitFileType = wrapper.application; includeInIndex = 0; path = Polyglot.app; sourceTree = BUILT_PRODUCTS_DIR; };
		3B36B2FF1DB5D6160060496A /* AppDelegate.swift */ = {isa = PBXFileReference; lastKnownFileType = sourcecode.swift; path = AppDelegate.swift; sourceTree = "<group>"; };
		3B36B3011DB5D6160060496A /* ViewController.swift */ = {isa = PBXFileReference; lastKnownFileType = sourcecode.swift; path = ViewController.swift; sourceTree = "<group>"; };
		3B36B3041DB5D6160060496A /* Base */ = {isa = PBXFileReference; lastKnownFileType = file.storyboard; name = Base; path = Base.lproj/Main.storyboard; sourceTree = "<group>"; };
		3B36B3061DB5D6160060496A /* Assets.xcassets */ = {isa = PBXFileReference; lastKnownFileType = folder.assetcatalog; path = Assets.xcassets; sourceTree = "<group>"; };
		3B36B3091DB5D6160060496A /* Base */ = {isa = PBXFileReference; lastKnownFileType = file.storyboard; name = Base; path = Base.lproj/LaunchScreen.storyboard; sourceTree = "<group>"; };
		3B36B30B1DB5D6160060496A /* Info.plist */ = {isa = PBXFileReference; lastKnownFileType = text.plist.xml; path = Info.plist; sourceTree = "<group>"; };
		3B36B3151DB5FEEE0060496A /* Widget.appex */ = {isa = PBXFileReference; explicitFileType = "wrapper.app-extension"; includeInIndex = 0; path = Widget.appex; sourceTree = BUILT_PRODUCTS_DIR; };
		3B36B3171DB5FEEE0060496A /* NotificationCenter.framework */ = {isa = PBXFileReference; lastKnownFileType = wrapper.framework; name = NotificationCenter.framework; path = System/Library/Frameworks/NotificationCenter.framework; sourceTree = SDKROOT; };
		3B36B31A1DB5FEEE0060496A /* TodayViewController.swift */ = {isa = PBXFileReference; lastKnownFileType = sourcecode.swift; path = TodayViewController.swift; sourceTree = "<group>"; };
		3B36B31D1DB5FEEE0060496A /* Base */ = {isa = PBXFileReference; lastKnownFileType = file.storyboard; name = Base; path = Base.lproj/MainInterface.storyboard; sourceTree = "<group>"; };
		3B36B31F1DB5FEEE0060496A /* Info.plist */ = {isa = PBXFileReference; lastKnownFileType = text.plist.xml; path = Info.plist; sourceTree = "<group>"; };
		3B36B3271DB6152C0060496A /* Polyglot.entitlements */ = {isa = PBXFileReference; lastKnownFileType = text.plist.entitlements; path = Polyglot.entitlements; sourceTree = "<group>"; };
		3B36B3281DB6157B0060496A /* Widget.entitlements */ = {isa = PBXFileReference; lastKnownFileType = text.plist.entitlements; path = Widget.entitlements; sourceTree = "<group>"; };
		3B39650C1DB70A910047CDE4 /* TestViewController.swift */ = {isa = PBXFileReference; fileEncoding = 4; lastKnownFileType = sourcecode.swift; path = TestViewController.swift; sourceTree = "<group>"; };
/* End PBXFileReference section */

/* Begin PBXFrameworksBuildPhase section */
		3B36B2F91DB5D6160060496A /* Frameworks */ = {
			isa = PBXFrameworksBuildPhase;
			buildActionMask = 2147483647;
			files = (
			);
			runOnlyForDeploymentPostprocessing = 0;
		};
		3B36B3121DB5FEEE0060496A /* Frameworks */ = {
			isa = PBXFrameworksBuildPhase;
			buildActionMask = 2147483647;
			files = (
				3B36B3181DB5FEEE0060496A /* NotificationCenter.framework in Frameworks */,
			);
			runOnlyForDeploymentPostprocessing = 0;
		};
/* End PBXFrameworksBuildPhase section */

/* Begin PBXGroup section */
		3B36B2F31DB5D6160060496A = {
			isa = PBXGroup;
			children = (
				3B36B2FE1DB5D6160060496A /* Polyglot */,
				3B36B3191DB5FEEE0060496A /* Widget */,
				3B36B3161DB5FEEE0060496A /* Frameworks */,
				3B36B2FD1DB5D6160060496A /* Products */,
			);
			sourceTree = "<group>";
		};
		3B36B2FD1DB5D6160060496A /* Products */ = {
			isa = PBXGroup;
			children = (
				3B36B2FC1DB5D6160060496A /* Polyglot.app */,
				3B36B3151DB5FEEE0060496A /* Widget.appex */,
			);
			name = Products;
			sourceTree = "<group>";
		};
		3B36B2FE1DB5D6160060496A /* Polyglot */ = {
			isa = PBXGroup;
			children = (
				3B36B3271DB6152C0060496A /* Polyglot.entitlements */,
				3B36B2FF1DB5D6160060496A /* AppDelegate.swift */,
				3B36B3011DB5D6160060496A /* ViewController.swift */,
				3B36B3031DB5D6160060496A /* Main.storyboard */,
				3B36B3061DB5D6160060496A /* Assets.xcassets */,
				3B36B3081DB5D6160060496A /* LaunchScreen.storyboard */,
				3B36B30B1DB5D6160060496A /* Info.plist */,
				3B39650C1DB70A910047CDE4 /* TestViewController.swift */,
			);
			path = Polyglot;
			sourceTree = "<group>";
		};
		3B36B3161DB5FEEE0060496A /* Frameworks */ = {
			isa = PBXGroup;
			children = (
				3B36B3171DB5FEEE0060496A /* NotificationCenter.framework */,
			);
			name = Frameworks;
			sourceTree = "<group>";
		};
		3B36B3191DB5FEEE0060496A /* Widget */ = {
			isa = PBXGroup;
			children = (
				3B36B3281DB6157B0060496A /* Widget.entitlements */,
				3B36B31A1DB5FEEE0060496A /* TodayViewController.swift */,
				3B36B31C1DB5FEEE0060496A /* MainInterface.storyboard */,
				3B36B31F1DB5FEEE0060496A /* Info.plist */,
			);
			path = Widget;
			sourceTree = "<group>";
		};
/* End PBXGroup section */

/* Begin PBXNativeTarget section */
		3B36B2FB1DB5D6160060496A /* Polyglot */ = {
			isa = PBXNativeTarget;
			buildConfigurationList = 3B36B30E1DB5D6160060496A /* Build configuration list for PBXNativeTarget "Polyglot" */;
			buildPhases = (
				3B36B2F81DB5D6160060496A /* Sources */,
				3B36B2F91DB5D6160060496A /* Frameworks */,
				3B36B2FA1DB5D6160060496A /* Resources */,
				3B36B3261DB5FEEE0060496A /* Embed App Extensions */,
			);
			buildRules = (
			);
			dependencies = (
				3B36B3211DB5FEEE0060496A /* PBXTargetDependency */,
			);
			name = Polyglot;
			productName = Polyglot;
			productReference = 3B36B2FC1DB5D6160060496A /* Polyglot.app */;
			productType = "com.apple.product-type.application";
		};
		3B36B3141DB5FEEE0060496A /* Widget */ = {
			isa = PBXNativeTarget;
			buildConfigurationList = 3B36B3231DB5FEEE0060496A /* Build configuration list for PBXNativeTarget "Widget" */;
			buildPhases = (
				3B36B3111DB5FEEE0060496A /* Sources */,
				3B36B3121DB5FEEE0060496A /* Frameworks */,
				3B36B3131DB5FEEE0060496A /* Resources */,
			);
			buildRules = (
			);
			dependencies = (
			);
			name = Widget;
			productName = Widget;
			productReference = 3B36B3151DB5FEEE0060496A /* Widget.appex */;
			productType = "com.apple.product-type.app-extension";
		};
/* End PBXNativeTarget section */

/* Begin PBXProject section */
		3B36B2F41DB5D6160060496A /* Project object */ = {
			isa = PBXProject;
			attributes = {
				LastSwiftUpdateCheck = 0800;
				LastUpgradeCheck = 0800;
				ORGANIZATIONNAME = "Thang Le Tan";
				TargetAttributes = {
					3B36B2FB1DB5D6160060496A = {
						CreatedOnToolsVersion = 8.0;
						DevelopmentTeam = N7956XYWZ3;
						ProvisioningStyle = Automatic;
						SystemCapabilities = {
							com.apple.ApplicationGroups.iOS = {
								enabled = 1;
							};
						};
					};
					3B36B3141DB5FEEE0060496A = {
						CreatedOnToolsVersion = 8.0;
						DevelopmentTeam = N7956XYWZ3;
						ProvisioningStyle = Automatic;
						SystemCapabilities = {
							com.apple.ApplicationGroups.iOS = {
								enabled = 1;
							};
						};
					};
				};
			};
			buildConfigurationList = 3B36B2F71DB5D6160060496A /* Build configuration list for PBXProject "Polyglot" */;
			compatibilityVersion = "Xcode 3.2";
			developmentRegion = English;
			hasScannedForEncodings = 0;
			knownRegions = (
				en,
				Base,
			);
			mainGroup = 3B36B2F31DB5D6160060496A;
			productRefGroup = 3B36B2FD1DB5D6160060496A /* Products */;
			projectDirPath = "";
			projectRoot = "";
			targets = (
				3B36B2FB1DB5D6160060496A /* Polyglot */,
				3B36B3141DB5FEEE0060496A /* Widget */,
			);
		};
/* End PBXProject section */

/* Begin PBXResourcesBuildPhase section */
		3B36B2FA1DB5D6160060496A /* Resources */ = {
			isa = PBXResourcesBuildPhase;
			buildActionMask = 2147483647;
			files = (
				3B36B30A1DB5D6160060496A /* LaunchScreen.storyboard in Resources */,
				3B36B3071DB5D6160060496A /* Assets.xcassets in Resources */,
				3B36B3051DB5D6160060496A /* Main.storyboard in Resources */,
			);
			runOnlyForDeploymentPostprocessing = 0;
		};
		3B36B3131DB5FEEE0060496A /* Resources */ = {
			isa = PBXResourcesBuildPhase;
			buildActionMask = 2147483647;
			files = (
				3B36B31E1DB5FEEE0060496A /* MainInterface.storyboard in Resources */,
			);
			runOnlyForDeploymentPostprocessing = 0;
		};
/* End PBXResourcesBuildPhase section */

/* Begin PBXSourcesBuildPhase section */
		3B36B2F81DB5D6160060496A /* Sources */ = {
			isa = PBXSourcesBuildPhase;
			buildActionMask = 2147483647;
			files = (
				3B36B3021DB5D6160060496A /* ViewController.swift in Sources */,
				3B39650D1DB70A910047CDE4 /* TestViewController.swift in Sources */,
				3B36B3001DB5D6160060496A /* AppDelegate.swift in Sources */,
			);
			runOnlyForDeploymentPostprocessing = 0;
		};
		3B36B3111DB5FEEE0060496A /* Sources */ = {
			isa = PBXSourcesBuildPhase;
			buildActionMask = 2147483647;
			files = (
				3B36B31B1DB5FEEE0060496A /* TodayViewController.swift in Sources */,
			);
			runOnlyForDeploymentPostprocessing = 0;
		};
/* End PBXSourcesBuildPhase section */

/* Begin PBXTargetDependency section */
		3B36B3211DB5FEEE0060496A /* PBXTargetDependency */ = {
			isa = PBXTargetDependency;
			target = 3B36B3141DB5FEEE0060496A /* Widget */;
			targetProxy = 3B36B3201DB5FEEE0060496A /* PBXContainerItemProxy */;
		};
/* End PBXTargetDependency section */

/* Begin PBXVariantGroup section */
		3B36B3031DB5D6160060496A /* Main.storyboard */ = {
			isa = PBXVariantGroup;
			children = (
				3B36B3041DB5D6160060496A /* Base */,
			);
			name = Main.storyboard;
			sourceTree = "<group>";
		};
		3B36B3081DB5D6160060496A /* LaunchScreen.storyboard */ = {
			isa = PBXVariantGroup;
			children = (
				3B36B3091DB5D6160060496A /* Base */,
			);
			name = LaunchScreen.storyboard;
			sourceTree = "<group>";
		};
		3B36B31C1DB5FEEE0060496A /* MainInterface.storyboard */ = {
			isa = PBXVariantGroup;
			children = (
				3B36B31D1DB5FEEE0060496A /* Base */,
			);
			name = MainInterface.storyboard;
			sourceTree = "<group>";
		};
/* End PBXVariantGroup section */

/* Begin XCBuildConfiguration section */
		3B36B30C1DB5D6160060496A /* Debug */ = {
			isa = XCBuildConfiguration;
			buildSettings = {
				ALWAYS_SEARCH_USER_PATHS = NO;
				CLANG_ANALYZER_NONNULL = YES;
				CLANG_CXX_LANGUAGE_STANDARD = "gnu++0x";
				CLANG_CXX_LIBRARY = "libc++";
				CLANG_ENABLE_MODULES = YES;
				CLANG_ENABLE_OBJC_ARC = YES;
				CLANG_WARN_BOOL_CONVERSION = YES;
				CLANG_WARN_CONSTANT_CONVERSION = YES;
				CLANG_WARN_DIRECT_OBJC_ISA_USAGE = YES_ERROR;
				CLANG_WARN_DOCUMENTATION_COMMENTS = YES;
				CLANG_WARN_EMPTY_BODY = YES;
				CLANG_WARN_ENUM_CONVERSION = YES;
				CLANG_WARN_INFINITE_RECURSION = YES;
				CLANG_WARN_INT_CONVERSION = YES;
				CLANG_WARN_OBJC_ROOT_CLASS = YES_ERROR;
				CLANG_WARN_SUSPICIOUS_MOVES = YES;
				CLANG_WARN_UNREACHABLE_CODE = YES;
				CLANG_WARN__DUPLICATE_METHOD_MATCH = YES;
				"CODE_SIGN_IDENTITY[sdk=iphoneos*]" = "iPhone Developer";
				COPY_PHASE_STRIP = NO;
				DEBUG_INFORMATION_FORMAT = dwarf;
				ENABLE_STRICT_OBJC_MSGSEND = YES;
				ENABLE_TESTABILITY = YES;
				GCC_C_LANGUAGE_STANDARD = gnu99;
				GCC_DYNAMIC_NO_PIC = NO;
				GCC_NO_COMMON_BLOCKS = YES;
				GCC_OPTIMIZATION_LEVEL = 0;
				GCC_PREPROCESSOR_DEFINITIONS = (
					"DEBUG=1",
					"$(inherited)",
				);
				GCC_WARN_64_TO_32_BIT_CONVERSION = YES;
				GCC_WARN_ABOUT_RETURN_TYPE = YES_ERROR;
				GCC_WARN_UNDECLARED_SELECTOR = YES;
				GCC_WARN_UNINITIALIZED_AUTOS = YES_AGGRESSIVE;
				GCC_WARN_UNUSED_FUNCTION = YES;
				GCC_WARN_UNUSED_VARIABLE = YES;
				IPHONEOS_DEPLOYMENT_TARGET = 10.0;
				MTL_ENABLE_DEBUG_INFO = YES;
				ONLY_ACTIVE_ARCH = YES;
				SDKROOT = iphoneos;
				SWIFT_ACTIVE_COMPILATION_CONDITIONS = DEBUG;
				SWIFT_OPTIMIZATION_LEVEL = "-Onone";
			};
			name = Debug;
		};
		3B36B30D1DB5D6160060496A /* Release */ = {
			isa = XCBuildConfiguration;
			buildSettings = {
				ALWAYS_SEARCH_USER_PATHS = NO;
				CLANG_ANALYZER_NONNULL = YES;
				CLANG_CXX_LANGUAGE_STANDARD = "gnu++0x";
				CLANG_CXX_LIBRARY = "libc++";
				CLANG_ENABLE_MODULES = YES;
				CLANG_ENABLE_OBJC_ARC = YES;
				CLANG_WARN_BOOL_CONVERSION = YES;
				CLANG_WARN_CONSTANT_CONVERSION = YES;
				CLANG_WARN_DIRECT_OBJC_ISA_USAGE = YES_ERROR;
				CLANG_WARN_DOCUMENTATION_COMMENTS = YES;
				CLANG_WARN_EMPTY_BODY = YES;
				CLANG_WARN_ENUM_CONVERSION = YES;
				CLANG_WARN_INFINITE_RECURSION = YES;
				CLANG_WARN_INT_CONVERSION = YES;
				CLANG_WARN_OBJC_ROOT_CLASS = YES_ERROR;
				CLANG_WARN_SUSPICIOUS_MOVES = YES;
				CLANG_WARN_UNREACHABLE_CODE = YES;
				CLANG_WARN__DUPLICATE_METHOD_MATCH = YES;
				"CODE_SIGN_IDENTITY[sdk=iphoneos*]" = "iPhone Developer";
				COPY_PHASE_STRIP = NO;
				DEBUG_INFORMATION_FORMAT = "dwarf-with-dsym";
				ENABLE_NS_ASSERTIONS = NO;
				ENABLE_STRICT_OBJC_MSGSEND = YES;
				GCC_C_LANGUAGE_STANDARD = gnu99;
				GCC_NO_COMMON_BLOCKS = YES;
				GCC_WARN_64_TO_32_BIT_CONVERSION = YES;
				GCC_WARN_ABOUT_RETURN_TYPE = YES_ERROR;
				GCC_WARN_UNDECLARED_SELECTOR = YES;
				GCC_WARN_UNINITIALIZED_AUTOS = YES_AGGRESSIVE;
				GCC_WARN_UNUSED_FUNCTION = YES;
				GCC_WARN_UNUSED_VARIABLE = YES;
				IPHONEOS_DEPLOYMENT_TARGET = 10.0;
				MTL_ENABLE_DEBUG_INFO = NO;
				SDKROOT = iphoneos;
				SWIFT_OPTIMIZATION_LEVEL = "-Owholemodule";
				VALIDATE_PRODUCT = YES;
			};
			name = Release;
		};
		3B36B30F1DB5D6160060496A /* Debug */ = {
			isa = XCBuildConfiguration;
			buildSettings = {
				ALWAYS_EMBED_SWIFT_STANDARD_LIBRARIES = YES;
				ASSETCATALOG_COMPILER_APPICON_NAME = AppIcon;
				CODE_SIGN_ENTITLEMENTS = Polyglot/Polyglot.entitlements;
				DEVELOPMENT_TEAM = N7956XYWZ3;
				INFOPLIST_FILE = Polyglot/Info.plist;
				LD_RUNPATH_SEARCH_PATHS = "$(inherited) @executable_path/Frameworks";
				PRODUCT_BUNDLE_IDENTIFIER = com.thangcompany.Polyglot;
				PRODUCT_NAME = "$(TARGET_NAME)";
				SWIFT_VERSION = 3.0;
			};
			name = Debug;
		};
		3B36B3101DB5D6160060496A /* Release */ = {
			isa = XCBuildConfiguration;
			buildSettings = {
				ALWAYS_EMBED_SWIFT_STANDARD_LIBRARIES = YES;
				ASSETCATALOG_COMPILER_APPICON_NAME = AppIcon;
				CODE_SIGN_ENTITLEMENTS = Polyglot/Polyglot.entitlements;
				DEVELOPMENT_TEAM = N7956XYWZ3;
				INFOPLIST_FILE = Polyglot/Info.plist;
				LD_RUNPATH_SEARCH_PATHS = "$(inherited) @executable_path/Frameworks";
				PRODUCT_BUNDLE_IDENTIFIER = com.thangcompany.Polyglot;
				PRODUCT_NAME = "$(TARGET_NAME)";
				SWIFT_VERSION = 3.0;
			};
			name = Release;
		};
		3B36B3241DB5FEEE0060496A /* Debug */ = {
			isa = XCBuildConfiguration;
			buildSettings = {
				CODE_SIGN_ENTITLEMENTS = Widget/Widget.entitlements;
				DEVELOPMENT_TEAM = N7956XYWZ3;
				INFOPLIST_FILE = Widget/Info.plist;
				LD_RUNPATH_SEARCH_PATHS = "$(inherited) @executable_path/Frameworks @executable_path/../../Frameworks";
				PRODUCT_BUNDLE_IDENTIFIER = com.thangcompany.Polyglot.Widget;
				PRODUCT_NAME = "$(TARGET_NAME)";
				SKIP_INSTALL = YES;
				SWIFT_VERSION = 3.0;
			};
			name = Debug;
		};
		3B36B3251DB5FEEE0060496A /* Release */ = {
			isa = XCBuildConfiguration;
			buildSettings = {
				CODE_SIGN_ENTITLEMENTS = Widget/Widget.entitlements;
				DEVELOPMENT_TEAM = N7956XYWZ3;
				INFOPLIST_FILE = Widget/Info.plist;
				LD_RUNPATH_SEARCH_PATHS = "$(inherited) @executable_path/Frameworks @executable_path/../../Frameworks";
				PRODUCT_BUNDLE_IDENTIFIER = com.thangcompany.Polyglot.Widget;
				PRODUCT_NAME = "$(TARGET_NAME)";
				SKIP_INSTALL = YES;
				SWIFT_VERSION = 3.0;
			};
			name = Release;
		};
/* End XCBuildConfiguration section */

/* Begin XCConfigurationList section */
		3B36B2F71DB5D6160060496A /* Build configuration list for PBXProject "Polyglot" */ = {
			isa = XCConfigurationList;
			buildConfigurations = (
				3B36B30C1DB5D6160060496A /* Debug */,
				3B36B30D1DB5D6160060496A /* Release */,
			);
			defaultConfigurationIsVisible = 0;
			defaultConfigurationName = Release;
		};
		3B36B30E1DB5D6160060496A /* Build configuration list for PBXNativeTarget "Polyglot" */ = {
			isa = XCConfigurationList;
			buildConfigurations = (
				3B36B30F1DB5D6160060496A /* Debug */,
				3B36B3101DB5D6160060496A /* Release */,
			);
			defaultConfigurationIsVisible = 0;
			defaultConfigurationName = Release;
		};
		3B36B3231DB5FEEE0060496A /* Build configuration list for PBXNativeTarget "Widget" */ = {
			isa = XCConfigurationList;
			buildConfigurations = (
				3B36B3241DB5FEEE0060496A /* Debug */,
				3B36B3251DB5FEEE0060496A /* Release */,
			);
			defaultConfigurationIsVisible = 0;
			defaultConfigurationName = Release;
		};
/* End XCConfigurationList section */
	};
	rootObject = 3B36B2F41DB5D6160060496A /* Project object */;
}
